
Microsoft Visual Studio Solution File, Format Version 12.00
# Visual Studio Version 17
VisualStudioVersion = 17.0.31903.59
MinimumVisualStudioVersion = 10.0.40219.1
Project("{FAE04EC0-301F-11D3-BF4B-00C04F79EFBC}") = "TicTacToe-DDD", "TicTacToe-DDD\TicTacToe-DDD.csproj", "{EA6CAE25-49DE-4EBA-8A0B-EDFDC21B98D2}"
EndProject
Global
	GlobalSection(SolutionConfigurationPlatforms) = preSolution
		Debug|Any CPU = Debug|Any CPU
		Release|Any CPU = Release|Any CPU
	EndGlobalSection
	GlobalSection(ProjectConfigurationPlatforms) = postSolution
		{EA6CAE25-49DE-4EBA-8A0B-EDFDC21B98D2}.Debug|Any CPU.ActiveCfg = Debug|Any CPU
		{EA6CAE25-49DE-4EBA-8A0B-EDFDC21B98D2}.Debug|Any CPU.Build.0 = Debug|Any CPU
		{EA6CAE25-49DE-4EBA-8A0B-EDFDC21B98D2}.Release|Any CPU.ActiveCfg = Release|Any CPU
		{EA6CAE25-49DE-4EBA-8A0B-EDFDC21B98D2}.Release|Any CPU.Build.0 = Release|Any CPU
	EndGlobalSection
	GlobalSection(SolutionProperties) = preSolution
		HideSolutionNode = FALSE
	EndGlobalSection
	GlobalSection(ExtensibilityGlobals) = postSolution
		SolutionGuid = {5930D731-6704-402B-BAC9-6BFCC72EF90B}
	EndGlobalSection
EndGlobal
